
Microsoft Visual Studio Solution File, Format Version 12.00
# Visual Studio Version 17
VisualStudioVersion = 17.5.33414.496
MinimumVisualStudioVersion = 10.0.40219.1
Project("{9A19103F-16F7-4668-BE54-9A1E7A4F7556}") = "CompanyManagement.DataAccess", "CompanyManagement.DAL\CompanyManagement.DataAccess.csproj", "{F50BF3A1-9224-4F4F-8450-552420773032}"
	ProjectSection(ProjectDependencies) = postProject
		{306287EE-F36E-4ABE-B6F0-9A8E89382EA6} = {306287EE-F36E-4ABE-B6F0-9A8E89382EA6}
	EndProjectSection
EndProject
Project("{9A19103F-16F7-4668-BE54-9A1E7A4F7556}") = "CompanyManagement.Business", "CompanyManagement.BL\CompanyManagement.Business.csproj", "{2B41C0F2-ACE7-45AD-A241-EF2DCDEEFD40}"
EndProject
Project("{9A19103F-16F7-4668-BE54-9A1E7A4F7556}") = "CompanyManagement.Entities", "CompanyManagement.Entities\CompanyManagement.Entities.csproj", "{625B8A8C-F082-4653-9B4F-9D05BFB4E174}"
EndProject
Project("{9A19103F-16F7-4668-BE54-9A1E7A4F7556}") = "CompanyManagement.Core", "CompanyManagement.Core\CompanyManagement.Core.csproj", "{306287EE-F36E-4ABE-B6F0-9A8E89382EA6}"
EndProject
Project("{9A19103F-16F7-4668-BE54-9A1E7A4F7556}") = "CompanyManagement.Dtos", "CompanyManagement.Dtos\CompanyManagement.Dtos.csproj", "{6B57B767-33EB-4BC8-BF04-5D93B484163C}"
EndProject
Project("{9A19103F-16F7-4668-BE54-9A1E7A4F7556}") = "CompanyManagement.WebAPI", "CompanyManagement.WebAPI\CompanyManagement.WebAPI.csproj", "{4D52EF58-A75F-4739-8D24-BA2AA136970C}"
EndProject
Project("{9A19103F-16F7-4668-BE54-9A1E7A4F7556}") = "CompanyManagement.WinForm", "CompanyManagement.WinForm\CompanyManagement.WinForm.csproj", "{DD405F52-A5FA-4EB3-8E73-07D51A998F28}"
EndProject
Project("{FAE04EC0-301F-11D3-BF4B-00C04F79EFBC}") = "CompanyManagement.Web", "CompanyManagement.Web\CompanyManagement.Web.csproj", "{17443BE4-5A78-41F1-A098-319D0BBCE8E6}"
EndProject
Global
	GlobalSection(SolutionConfigurationPlatforms) = preSolution
		Debug|Any CPU = Debug|Any CPU
		Release|Any CPU = Release|Any CPU
	EndGlobalSection
	GlobalSection(ProjectConfigurationPlatforms) = postSolution
		{F50BF3A1-9224-4F4F-8450-552420773032}.Debug|Any CPU.ActiveCfg = Debug|Any CPU
		{F50BF3A1-9224-4F4F-8450-552420773032}.Debug|Any CPU.Build.0 = Debug|Any CPU
		{F50BF3A1-9224-4F4F-8450-552420773032}.Release|Any CPU.ActiveCfg = Release|Any CPU
		{F50BF3A1-9224-4F4F-8450-552420773032}.Release|Any CPU.Build.0 = Release|Any CPU
		{2B41C0F2-ACE7-45AD-A241-EF2DCDEEFD40}.Debug|Any CPU.ActiveCfg = Debug|Any CPU
		{2B41C0F2-ACE7-45AD-A241-EF2DCDEEFD40}.Debug|Any CPU.Build.0 = Debug|Any CPU
		{2B41C0F2-ACE7-45AD-A241-EF2DCDEEFD40}.Release|Any CPU.ActiveCfg = Release|Any CPU
		{2B41C0F2-ACE7-45AD-A241-EF2DCDEEFD40}.Release|Any CPU.Build.0 = Release|Any CPU
		{625B8A8C-F082-4653-9B4F-9D05BFB4E174}.Debug|Any CPU.ActiveCfg = Debug|Any CPU
		{625B8A8C-F082-4653-9B4F-9D05BFB4E174}.Debug|Any CPU.Build.0 = Debug|Any CPU
		{625B8A8C-F082-4653-9B4F-9D05BFB4E174}.Release|Any CPU.ActiveCfg = Release|Any CPU
		{625B8A8C-F082-4653-9B4F-9D05BFB4E174}.Release|Any CPU.Build.0 = Release|Any CPU
		{306287EE-F36E-4ABE-B6F0-9A8E89382EA6}.Debug|Any CPU.ActiveCfg = Debug|Any CPU
		{306287EE-F36E-4ABE-B6F0-9A8E89382EA6}.Debug|Any CPU.Build.0 = Debug|Any CPU
		{306287EE-F36E-4ABE-B6F0-9A8E89382EA6}.Release|Any CPU.ActiveCfg = Release|Any CPU
		{306287EE-F36E-4ABE-B6F0-9A8E89382EA6}.Release|Any CPU.Build.0 = Release|Any CPU
		{6B57B767-33EB-4BC8-BF04-5D93B484163C}.Debug|Any CPU.ActiveCfg = Debug|Any CPU
		{6B57B767-33EB-4BC8-BF04-5D93B484163C}.Debug|Any CPU.Build.0 = Debug|Any CPU
		{6B57B767-33EB-4BC8-BF04-5D93B484163C}.Release|Any CPU.ActiveCfg = Release|Any CPU
		{6B57B767-33EB-4BC8-BF04-5D93B484163C}.Release|Any CPU.Build.0 = Release|Any CPU
		{4D52EF58-A75F-4739-8D24-BA2AA136970C}.Debug|Any CPU.ActiveCfg = Debug|Any CPU
		{4D52EF58-A75F-4739-8D24-BA2AA136970C}.Debug|Any CPU.Build.0 = Debug|Any CPU
		{4D52EF58-A75F-4739-8D24-BA2AA136970C}.Release|Any CPU.ActiveCfg = Release|Any CPU
		{4D52EF58-A75F-4739-8D24-BA2AA136970C}.Release|Any CPU.Build.0 = Release|Any CPU
		{DD405F52-A5FA-4EB3-8E73-07D51A998F28}.Debug|Any CPU.ActiveCfg = Release|Any CPU
		{DD405F52-A5FA-4EB3-8E73-07D51A998F28}.Debug|Any CPU.Build.0 = Release|Any CPU
		{DD405F52-A5FA-4EB3-8E73-07D51A998F28}.Release|Any CPU.ActiveCfg = Release|Any CPU
		{DD405F52-A5FA-4EB3-8E73-07D51A998F28}.Release|Any CPU.Build.0 = Release|Any CPU
		{17443BE4-5A78-41F1-A098-319D0BBCE8E6}.Debug|Any CPU.ActiveCfg = Debug|Any CPU
		{17443BE4-5A78-41F1-A098-319D0BBCE8E6}.Debug|Any CPU.Build.0 = Debug|Any CPU
		{17443BE4-5A78-41F1-A098-319D0BBCE8E6}.Release|Any CPU.ActiveCfg = Release|Any CPU
		{17443BE4-5A78-41F1-A098-319D0BBCE8E6}.Release|Any CPU.Build.0 = Release|Any CPU
	EndGlobalSection
	GlobalSection(SolutionProperties) = preSolution
		HideSolutionNode = FALSE
	EndGlobalSection
	GlobalSection(ExtensibilityGlobals) = postSolution
		SolutionGuid = {ACEDE062-A225-4E76-8444-D8722AC0B61D}
	EndGlobalSection
EndGlobal
